lockfileVersion: '9.0'

settings:
  autoInstallPeers: true
  excludeLinksFromLockfile: false

importers:

  .:
    dependencies:
      '@alpinejs/persist':
        specifier: ^3.14.9
        version: 3.14.9
      my-way:
        specifier: 1.0.2
        version: 1.0.2
      path-to-regexp:
        specifier: ^8.2.0
        version: 8.2.0
    devDependencies:
      '@happy-dom/global-registrator':
        specifier: ^17.4.4
        version: 17.4.4
      '@types/alpinejs':
        specifier: ^3.13.11
        version: 3.13.11
      '@types/bun':
        specifier: ^1.2.5
        version: 1.2.5
      alpinejs:
        specifier: ^3.14.9
        version: 3.14.9
      prettier:
        specifier: ^3.5.3
        version: 3.5.3
      typescript:
        specifier: ^5
        version: 5.8.2

packages:

  '@alpinejs/persist@3.14.9':
    resolution: {integrity: sha512-Td9hWEUtFFguYCRjXhq06sDultW21wXUnVro7YWJm+vjGu/nV/v3hepOXyYVjkGvH/F+zjx5UkzWXXzr3UiQ/w==}

  '@happy-dom/global-registrator@17.4.4':
    resolution: {integrity: sha512-njrU74GrYVHO43upIJr96f7pEmUG7YLZbHCGiHALBECeVnDKpepzL9kVc7KIl8S2nQOkPA0rAA1EyC3xASb54w==}
    engines: {node: '>=18.0.0'}

  '@types/alpinejs@3.13.11':
    resolution: {integrity: sha512-3KhGkDixCPiLdL3Z/ok1GxHwLxEWqQOKJccgaQL01wc0EVM2tCTaqlC3NIedmxAXkVzt/V6VTM8qPgnOHKJ1MA==}

  '@types/bun@1.2.5':
    resolution: {integrity: sha512-w2OZTzrZTVtbnJew1pdFmgV99H0/L+Pvw+z1P67HaR18MHOzYnTYOi6qzErhK8HyT+DB782ADVPPE92Xu2/Opg==}

  '@types/node@22.13.10':
    resolution: {integrity: sha512-I6LPUvlRH+O6VRUqYOcMudhaIdUVWfsjnZavnsraHvpBwaEyMN29ry+0UVJhImYL16xsscu0aske3yA+uPOWfw==}

  '@types/ws@8.5.14':
    resolution: {integrity: sha512-bd/YFLW+URhBzMXurx7lWByOu+xzU9+kb3RboOteXYDfW+tr+JZa99OyNmPINEGB/ahzKrEuc8rcv4gnpJmxTw==}

  '@vue/reactivity@3.1.5':
    resolution: {integrity: sha512-1tdfLmNjWG6t/CsPldh+foumYFo3cpyCHgBYQ34ylaMsJ+SNHQ1kApMIa8jN+i593zQuaw3AdWH0nJTARzCFhg==}

  '@vue/shared@3.1.5':
    resolution: {integrity: sha512-oJ4F3TnvpXaQwZJNF3ZK+kLPHKarDmJjJ6jyzVNDKH9md1dptjC7lWR//jrGuLdek/U6iltWxqAnYOu8gCiOvA==}

  alpinejs@3.14.9:
    resolution: {integrity: sha512-gqSOhTEyryU9FhviNqiHBHzgjkvtukq9tevew29fTj+ofZtfsYriw4zPirHHOAy9bw8QoL3WGhyk7QqCh5AYlw==}

  bun-types@1.2.5:
    resolution: {integrity: sha512-3oO6LVGGRRKI4kHINx5PIdIgnLRb7l/SprhzqXapmoYkFl5m4j6EvALvbDVuuBFaamB46Ap6HCUxIXNLCGy+tg==}

  happy-dom@17.4.4:
    resolution: {integrity: sha512-/Pb0ctk3HTZ5xEL3BZ0hK1AqDSAUuRQitOmROPHhfUYEWpmTImwfD8vFDGADmMAX0JYgbcgxWoLFKtsWhcpuVA==}
    engines: {node: '>=18.0.0'}

  my-way@1.0.2:
    resolution: {integrity: sha512-/bcwamQTDoiQvf4gqTqeZLW5tt/et2ZMOaeNRw0gZ014FiqOtS3DBrItPPbw2b/Q89nAbod95NqG5B9KUWlszg==}

  path-to-regexp@8.2.0:
    resolution: {integrity: sha512-TdrF7fW9Rphjq4RjrW0Kp2AW0Ahwu9sRGTkS6bvDi0SCwZlEZYmcfDbEsTz8RVk0EHIS/Vd1bv3JhG+1xZuAyQ==}
    engines: {node: '>=16'}

  prettier@3.5.3:
    resolution: {integrity: sha512-QQtaxnoDJeAkDvDKWCLiwIXkTgRhwYDEQCghU9Z6q03iyek/rxRh/2lC3HB7P8sWT2xC/y5JDctPLBIGzHKbhw==}
    engines: {node: '>=14'}
    hasBin: true

  typescript@5.8.2:
    resolution: {integrity: sha512-aJn6wq13/afZp/jT9QZmwEjDqqvSGp1VT5GVg+f/t6/oVyrgXM6BY1h9BRh/O5p3PlUPAe+WuiEZOmb/49RqoQ==}
    engines: {node: '>=14.17'}
    hasBin: true

  undici-types@6.20.0:
    resolution: {integrity: sha512-Ny6QZ2Nju20vw1SRHe3d9jVu6gJ+4e3+MMpqu7pqE5HT6WsTSlce++GQmK5UXS8mzV8DSYHrQH+Xrf2jVcuKNg==}

  webidl-conversions@7.0.0:
    resolution: {integrity: sha512-VwddBukDzu71offAQR975unBIGqfKZpM+8ZX6ySk8nYhVoo5CYaZyzt3YBvYtRtO+aoGlqxPg/B87NGVZ/fu6g==}
    engines: {node: '>=12'}

  whatwg-mimetype@3.0.0:
    resolution: {integrity: sha512-nt+N2dzIutVRxARx1nghPKGv1xHikU7HKdfafKkLNLindmPU/ch3U31NOCGGA/dmPcmb1VlofO0vnKAcsm0o/Q==}
    engines: {node: '>=12'}

snapshots:

  '@alpinejs/persist@3.14.9': {}

  '@happy-dom/global-registrator@17.4.4':
    dependencies:
      happy-dom: 17.4.4

  '@types/alpinejs@3.13.11': {}

  '@types/bun@1.2.5':
    dependencies:
      bun-types: 1.2.5

  '@types/node@22.13.10':
    dependencies:
      undici-types: 6.20.0

  '@types/ws@8.5.14':
    dependencies:
      '@types/node': 22.13.10

  '@vue/reactivity@3.1.5':
    dependencies:
      '@vue/shared': 3.1.5

  '@vue/shared@3.1.5': {}

  alpinejs@3.14.9:
    dependencies:
      '@vue/reactivity': 3.1.5

  bun-types@1.2.5:
    dependencies:
      '@types/node': 22.13.10
      '@types/ws': 8.5.14

  happy-dom@17.4.4:
    dependencies:
      webidl-conversions: 7.0.0
      whatwg-mimetype: 3.0.0

  my-way@1.0.2: {}

  path-to-regexp@8.2.0: {}

  prettier@3.5.3: {}

  typescript@5.8.2: {}

  undici-types@6.20.0: {}

  webidl-conversions@7.0.0: {}

  whatwg-mimetype@3.0.0: {}
